
Microsoft Visual Studio Solution File, Format Version 12.00
# Visual Studio 15
Project("{FAE04EC0-301F-11D3-BF4B-00C04F79EFBC}") = "Lab4", "Lab4\Lab4.csproj", "{5DD56C98-D9F0-4E3B-AA8F-D378AAFE30CF}"
EndProject
Global
	GlobalSection(SolutionConfigurationPlatforms) = preSolution
		Debug|Any CPU = Debug|Any CPU
		Release|Any CPU = Release|Any CPU
	EndGlobalSection
	GlobalSection(ProjectConfigurationPlatforms) = postSolution
		{5DD56C98-D9F0-4E3B-AA8F-D378AAFE30CF}.Debug|Any CPU.ActiveCfg = Debug|Any CPU
		{5DD56C98-D9F0-4E3B-AA8F-D378AAFE30CF}.Debug|Any CPU.Build.0 = Debug|Any CPU
		{5DD56C98-D9F0-4E3B-AA8F-D378AAFE30CF}.Release|Any CPU.ActiveCfg = Release|Any CPU
		{5DD56C98-D9F0-4E3B-AA8F-D378AAFE30CF}.Release|Any CPU.Build.0 = Release|Any CPU
	EndGlobalSection
EndGlobal
